
Microsoft Visual Studio Solution File, Format Version 11.00
# Visual C++ Express 2010
Project("{8BC9CEB8-8B4A-11D0-8D11-00A0C91BC942}") = "P012K6_goto", "P012K6_goto\P012K6_goto.vcxproj", "{C7FA5D8B-411D-4D4B-A71B-62C79B77D2E2}"
EndProject
Global
	GlobalSection(SolutionConfigurationPlatforms) = preSolution
		Debug|Win32 = Debug|Win32
		Release|Win32 = Release|Win32
	EndGlobalSection
	GlobalSection(ProjectConfigurationPlatforms) = postSolution
		{C7FA5D8B-411D-4D4B-A71B-62C79B77D2E2}.Debug|Win32.ActiveCfg = Debug|Win32
		{C7FA5D8B-411D-4D4B-A71B-62C79B77D2E2}.Debug|Win32.Build.0 = Debug|Win32
		{C7FA5D8B-411D-4D4B-A71B-62C79B77D2E2}.Release|Win32.ActiveCfg = Release|Win32
		{C7FA5D8B-411D-4D4B-A71B-62C79B77D2E2}.Release|Win32.Build.0 = Release|Win32
	EndGlobalSection
	GlobalSection(SolutionProperties) = preSolution
		HideSolutionNode = FALSE
	EndGlobalSection
EndGlobal
