
Microsoft Visual Studio Solution File, Format Version 12.00
# Visual Studio Express 2012 for Windows Desktop
Project("{8BC9CEB8-8B4A-11D0-8D11-00A0C91BC942}") = "P003KB_TemplFkt2", "P003KB_TemplFkt2\P003KB_TemplFkt2.vcxproj", "{403C7A7A-A906-4C8B-90DB-835CA23842BF}"
EndProject
Global
	GlobalSection(SolutionConfigurationPlatforms) = preSolution
		Debug|Win32 = Debug|Win32
		Release|Win32 = Release|Win32
	EndGlobalSection
	GlobalSection(ProjectConfigurationPlatforms) = postSolution
		{403C7A7A-A906-4C8B-90DB-835CA23842BF}.Debug|Win32.ActiveCfg = Debug|Win32
		{403C7A7A-A906-4C8B-90DB-835CA23842BF}.Debug|Win32.Build.0 = Debug|Win32
		{403C7A7A-A906-4C8B-90DB-835CA23842BF}.Release|Win32.ActiveCfg = Release|Win32
		{403C7A7A-A906-4C8B-90DB-835CA23842BF}.Release|Win32.Build.0 = Release|Win32
	EndGlobalSection
	GlobalSection(SolutionProperties) = preSolution
		HideSolutionNode = FALSE
	EndGlobalSection
EndGlobal
