
Microsoft Visual Studio Solution File, Format Version 12.00
# Visual Studio Version 17
VisualStudioVersion = 17.14.36930.0 d17.14
MinimumVisualStudioVersion = 10.0.40219.1
Project("{8BC9CEB8-8B4A-11D0-8D11-00A0C91BC942}") = "P00CKD_SpaceShipOpWO", "P00CKD_SpaceShipOpWO.vcxproj", "{E87B19EA-32B9-472A-ACF3-08954E65BC48}"
EndProject
Global
	GlobalSection(SolutionConfigurationPlatforms) = preSolution
		Debug|x64 = Debug|x64
		Debug|x86 = Debug|x86
		Release|x64 = Release|x64
		Release|x86 = Release|x86
	EndGlobalSection
	GlobalSection(ProjectConfigurationPlatforms) = postSolution
		{E87B19EA-32B9-472A-ACF3-08954E65BC48}.Debug|x64.ActiveCfg = Debug|x64
		{E87B19EA-32B9-472A-ACF3-08954E65BC48}.Debug|x64.Build.0 = Debug|x64
		{E87B19EA-32B9-472A-ACF3-08954E65BC48}.Debug|x86.ActiveCfg = Debug|Win32
		{E87B19EA-32B9-472A-ACF3-08954E65BC48}.Debug|x86.Build.0 = Debug|Win32
		{E87B19EA-32B9-472A-ACF3-08954E65BC48}.Release|x64.ActiveCfg = Release|x64
		{E87B19EA-32B9-472A-ACF3-08954E65BC48}.Release|x64.Build.0 = Release|x64
		{E87B19EA-32B9-472A-ACF3-08954E65BC48}.Release|x86.ActiveCfg = Release|Win32
		{E87B19EA-32B9-472A-ACF3-08954E65BC48}.Release|x86.Build.0 = Release|Win32
	EndGlobalSection
	GlobalSection(SolutionProperties) = preSolution
		HideSolutionNode = FALSE
	EndGlobalSection
	GlobalSection(ExtensibilityGlobals) = postSolution
		SolutionGuid = {26CDB4C9-22B0-4F78-AABB-C5A60F7FDC43}
	EndGlobalSection
EndGlobal
