
Microsoft Visual Studio Solution File, Format Version 12.00
# Visual Studio Express 2012 for Windows Desktop
Project("{8BC9CEB8-8B4A-11D0-8D11-00A0C91BC942}") = "Auf3K5", "Auf3K5\Auf3K5.vcxproj", "{1CB39D18-0C9C-474B-983C-D4ED4998715B}"
EndProject
Global
	GlobalSection(SolutionConfigurationPlatforms) = preSolution
		Debug|Win32 = Debug|Win32
		Release|Win32 = Release|Win32
	EndGlobalSection
	GlobalSection(ProjectConfigurationPlatforms) = postSolution
		{1CB39D18-0C9C-474B-983C-D4ED4998715B}.Debug|Win32.ActiveCfg = Debug|Win32
		{1CB39D18-0C9C-474B-983C-D4ED4998715B}.Debug|Win32.Build.0 = Debug|Win32
		{1CB39D18-0C9C-474B-983C-D4ED4998715B}.Release|Win32.ActiveCfg = Release|Win32
		{1CB39D18-0C9C-474B-983C-D4ED4998715B}.Release|Win32.Build.0 = Release|Win32
	EndGlobalSection
	GlobalSection(SolutionProperties) = preSolution
		HideSolutionNode = FALSE
	EndGlobalSection
EndGlobal
