
Microsoft Visual Studio Solution File, Format Version 12.00
# Visual Studio Express 2012 for Windows Desktop
Project("{8BC9CEB8-8B4A-11D0-8D11-00A0C91BC942}") = "P007K3coutHDO", "P007K3coutHDO\P007K3coutHDO.vcxproj", "{8457A4CA-03C4-4FD9-A42E-F54AB9A2785B}"
EndProject
Global
	GlobalSection(SolutionConfigurationPlatforms) = preSolution
		Debug|Win32 = Debug|Win32
		Release|Win32 = Release|Win32
	EndGlobalSection
	GlobalSection(ProjectConfigurationPlatforms) = postSolution
		{8457A4CA-03C4-4FD9-A42E-F54AB9A2785B}.Debug|Win32.ActiveCfg = Debug|Win32
		{8457A4CA-03C4-4FD9-A42E-F54AB9A2785B}.Debug|Win32.Build.0 = Debug|Win32
		{8457A4CA-03C4-4FD9-A42E-F54AB9A2785B}.Release|Win32.ActiveCfg = Release|Win32
		{8457A4CA-03C4-4FD9-A42E-F54AB9A2785B}.Release|Win32.Build.0 = Release|Win32
	EndGlobalSection
	GlobalSection(SolutionProperties) = preSolution
		HideSolutionNode = FALSE
	EndGlobalSection
EndGlobal
