
Microsoft Visual Studio Solution File, Format Version 12.00
# Visual Studio Express 2012 for Windows Desktop
Project("{8BC9CEB8-8B4A-11D0-8D11-00A0C91BC942}") = "P001K9_Rechteck", "P001K9_Rechteck\P001K9_Rechteck.vcxproj", "{F32C3C10-DCFB-4B52-B83F-713B1564F9FC}"
EndProject
Global
	GlobalSection(SolutionConfigurationPlatforms) = preSolution
		Debug|Win32 = Debug|Win32
		Release|Win32 = Release|Win32
	EndGlobalSection
	GlobalSection(ProjectConfigurationPlatforms) = postSolution
		{F32C3C10-DCFB-4B52-B83F-713B1564F9FC}.Debug|Win32.ActiveCfg = Debug|Win32
		{F32C3C10-DCFB-4B52-B83F-713B1564F9FC}.Debug|Win32.Build.0 = Debug|Win32
		{F32C3C10-DCFB-4B52-B83F-713B1564F9FC}.Release|Win32.ActiveCfg = Release|Win32
		{F32C3C10-DCFB-4B52-B83F-713B1564F9FC}.Release|Win32.Build.0 = Release|Win32
	EndGlobalSection
	GlobalSection(SolutionProperties) = preSolution
		HideSolutionNode = FALSE
	EndGlobalSection
EndGlobal
