
Microsoft Visual Studio Solution File, Format Version 12.00
# Visual Studio Express 2012 for Windows Desktop
Project("{8BC9CEB8-8B4A-11D0-8D11-00A0C91BC942}") = "Auf2K3", "Auf2K3\Auf2K3.vcxproj", "{EADB3162-E76B-492E-91C7-3574F71BB49C}"
EndProject
Global
	GlobalSection(SolutionConfigurationPlatforms) = preSolution
		Debug|Win32 = Debug|Win32
		Release|Win32 = Release|Win32
	EndGlobalSection
	GlobalSection(ProjectConfigurationPlatforms) = postSolution
		{EADB3162-E76B-492E-91C7-3574F71BB49C}.Debug|Win32.ActiveCfg = Debug|Win32
		{EADB3162-E76B-492E-91C7-3574F71BB49C}.Debug|Win32.Build.0 = Debug|Win32
		{EADB3162-E76B-492E-91C7-3574F71BB49C}.Release|Win32.ActiveCfg = Release|Win32
		{EADB3162-E76B-492E-91C7-3574F71BB49C}.Release|Win32.Build.0 = Release|Win32
	EndGlobalSection
	GlobalSection(SolutionProperties) = preSolution
		HideSolutionNode = FALSE
	EndGlobalSection
EndGlobal
