
Microsoft Visual Studio Solution File, Format Version 12.00
# Visual Studio Version 17
VisualStudioVersion = 17.14.36930.0 d17.14
MinimumVisualStudioVersion = 10.0.40219.1
Project("{8BC9CEB8-8B4A-11D0-8D11-00A0C91BC942}") = "P0BK7_LogSender.cpp", "P0BK7_LogSender.vcxproj", "{FBA1AC81-8580-423B-9DFF-F9355FD93228}"
EndProject
Global
	GlobalSection(SolutionConfigurationPlatforms) = preSolution
		Debug|x64 = Debug|x64
		Debug|x86 = Debug|x86
		Release|x64 = Release|x64
		Release|x86 = Release|x86
	EndGlobalSection
	GlobalSection(ProjectConfigurationPlatforms) = postSolution
		{FBA1AC81-8580-423B-9DFF-F9355FD93228}.Debug|x64.ActiveCfg = Debug|x64
		{FBA1AC81-8580-423B-9DFF-F9355FD93228}.Debug|x64.Build.0 = Debug|x64
		{FBA1AC81-8580-423B-9DFF-F9355FD93228}.Debug|x86.ActiveCfg = Debug|Win32
		{FBA1AC81-8580-423B-9DFF-F9355FD93228}.Debug|x86.Build.0 = Debug|Win32
		{FBA1AC81-8580-423B-9DFF-F9355FD93228}.Release|x64.ActiveCfg = Release|x64
		{FBA1AC81-8580-423B-9DFF-F9355FD93228}.Release|x64.Build.0 = Release|x64
		{FBA1AC81-8580-423B-9DFF-F9355FD93228}.Release|x86.ActiveCfg = Release|Win32
		{FBA1AC81-8580-423B-9DFF-F9355FD93228}.Release|x86.Build.0 = Release|Win32
	EndGlobalSection
	GlobalSection(SolutionProperties) = preSolution
		HideSolutionNode = FALSE
	EndGlobalSection
	GlobalSection(ExtensibilityGlobals) = postSolution
		SolutionGuid = {1C5D34C7-D714-448B-B420-DEBE361674CE}
	EndGlobalSection
EndGlobal
