
Microsoft Visual Studio Solution File, Format Version 11.00
# Visual C++ Express 2010
Project("{8BC9CEB8-8B4A-11D0-8D11-00A0C91BC942}") = "P004K4_Struct", "P004K4_Struct\P004K4_Struct.vcxproj", "{99FBDC29-3B17-41EF-B455-1B4AF0324B25}"
EndProject
Global
	GlobalSection(SolutionConfigurationPlatforms) = preSolution
		Debug|Win32 = Debug|Win32
		Release|Win32 = Release|Win32
	EndGlobalSection
	GlobalSection(ProjectConfigurationPlatforms) = postSolution
		{99FBDC29-3B17-41EF-B455-1B4AF0324B25}.Debug|Win32.ActiveCfg = Debug|Win32
		{99FBDC29-3B17-41EF-B455-1B4AF0324B25}.Debug|Win32.Build.0 = Debug|Win32
		{99FBDC29-3B17-41EF-B455-1B4AF0324B25}.Release|Win32.ActiveCfg = Release|Win32
		{99FBDC29-3B17-41EF-B455-1B4AF0324B25}.Release|Win32.Build.0 = Release|Win32
	EndGlobalSection
	GlobalSection(SolutionProperties) = preSolution
		HideSolutionNode = FALSE
	EndGlobalSection
EndGlobal
