
Microsoft Visual Studio Solution File, Format Version 12.00
# Visual Studio Version 17
VisualStudioVersion = 17.14.37314.3 d17.14
MinimumVisualStudioVersion = 10.0.40219.1
Project("{8BC9CEB8-8B4A-11D0-8D11-00A0C91BC942}") = "P002KC_multiThreading", "P002KC_multiThreading\P002KC_multiThreading.vcxproj", "{F9A22D60-E878-481F-B935-337885C3FAFB}"
EndProject
Global
	GlobalSection(SolutionConfigurationPlatforms) = preSolution
		Debug|x86 = Debug|x86
		Release|x86 = Release|x86
	EndGlobalSection
	GlobalSection(ProjectConfigurationPlatforms) = postSolution
		{F9A22D60-E878-481F-B935-337885C3FAFB}.Debug|x86.ActiveCfg = Debug|Win32
		{F9A22D60-E878-481F-B935-337885C3FAFB}.Debug|x86.Build.0 = Debug|Win32
		{F9A22D60-E878-481F-B935-337885C3FAFB}.Release|x86.ActiveCfg = Release|Win32
		{F9A22D60-E878-481F-B935-337885C3FAFB}.Release|x86.Build.0 = Release|Win32
	EndGlobalSection
	GlobalSection(SolutionProperties) = preSolution
		HideSolutionNode = FALSE
	EndGlobalSection
	GlobalSection(ExtensibilityGlobals) = postSolution
		SolutionGuid = {F95DBE18-3FAC-4FB8-8AC3-08A7390502BB}
	EndGlobalSection
EndGlobal
