
Microsoft Visual Studio Solution File, Format Version 11.00
# Visual C++ Express 2010
Project("{8BC9CEB8-8B4A-11D0-8D11-00A0C91BC942}") = "P00CK4_FloatGenau", "P00CK4_FloatGenau\P00CK4_FloatGenau.vcxproj", "{D98357B0-7B09-4A32-A950-EBC46F04C799}"
EndProject
Global
	GlobalSection(SolutionConfigurationPlatforms) = preSolution
		Debug|Win32 = Debug|Win32
		Release|Win32 = Release|Win32
	EndGlobalSection
	GlobalSection(ProjectConfigurationPlatforms) = postSolution
		{D98357B0-7B09-4A32-A950-EBC46F04C799}.Debug|Win32.ActiveCfg = Debug|Win32
		{D98357B0-7B09-4A32-A950-EBC46F04C799}.Debug|Win32.Build.0 = Debug|Win32
		{D98357B0-7B09-4A32-A950-EBC46F04C799}.Release|Win32.ActiveCfg = Release|Win32
		{D98357B0-7B09-4A32-A950-EBC46F04C799}.Release|Win32.Build.0 = Release|Win32
	EndGlobalSection
	GlobalSection(SolutionProperties) = preSolution
		HideSolutionNode = FALSE
	EndGlobalSection
EndGlobal
