
Microsoft Visual Studio Solution File, Format Version 12.00
# Visual Studio Express 2012 for Windows Desktop
Project("{8BC9CEB8-8B4A-11D0-8D11-00A0C91BC942}") = "P002K4_Const2", "P002K4_Const2\P002K4_Const2.vcxproj", "{BF42B578-B65A-4C2D-9F4D-96EB12A5D859}"
EndProject
Global
	GlobalSection(SolutionConfigurationPlatforms) = preSolution
		Debug|Win32 = Debug|Win32
		Release|Win32 = Release|Win32
	EndGlobalSection
	GlobalSection(ProjectConfigurationPlatforms) = postSolution
		{BF42B578-B65A-4C2D-9F4D-96EB12A5D859}.Debug|Win32.ActiveCfg = Debug|Win32
		{BF42B578-B65A-4C2D-9F4D-96EB12A5D859}.Debug|Win32.Build.0 = Debug|Win32
		{BF42B578-B65A-4C2D-9F4D-96EB12A5D859}.Release|Win32.ActiveCfg = Release|Win32
		{BF42B578-B65A-4C2D-9F4D-96EB12A5D859}.Release|Win32.Build.0 = Release|Win32
	EndGlobalSection
	GlobalSection(SolutionProperties) = preSolution
		HideSolutionNode = FALSE
	EndGlobalSection
EndGlobal
